// !$*UTF8*$!
{
	archiveVersion = 1;
	classes = {
	};
	objectVersion = 55;
	objects = {

/* Begin PBXBuildFile section */
		521F1D302881E9060097C451 /* AppDelegate.swift in Sources */ = {isa = PBXBuildFile; fileRef = 521F1D2F2881E9060097C451 /* AppDelegate.swift */; };
		521F1D322881E9060097C451 /* SceneDelegate.swift in Sources */ = {isa = PBXBuildFile; fileRef = 521F1D312881E9060097C451 /* SceneDelegate.swift */; };
		521F1D342881E9060097C451 /* MainTabBarViewController.swift in Sources */ = {isa = PBXBuildFile; fileRef = 521F1D332881E9060097C451 /* MainTabBarViewController.swift */; };
		521F1D392881E9070097C451 /* Assets.xcassets in Resources */ = {isa = PBXBuildFile; fileRef = 521F1D382881E9070097C451 /* Assets.xcassets */; };
		521F1D3C2881E9070097C451 /* LaunchScreen.storyboard in Resources */ = {isa = PBXBuildFile; fileRef = 521F1D3A2881E9070097C451 /* LaunchScreen.storyboard */; };
		521F1D452881EB320097C451 /* HomeViewController.swift in Sources */ = {isa = PBXBuildFile; fileRef = 521F1D442881EB320097C451 /* HomeViewController.swift */; };
		521F1D472881EBB90097C451 /* UpcomingViewController.swift in Sources */ = {isa = PBXBuildFile; fileRef = 521F1D462881EBB90097C451 /* UpcomingViewController.swift */; };
		521F1D492881EBF10097C451 /* SearchViewController.swift in Sources */ = {isa = PBXBuildFile; fileRef = 521F1D482881EBF10097C451 /* SearchViewController.swift */; };
		521F1D4B2881ECB00097C451 /* DownloadsViewController.swift in Sources */ = {isa = PBXBuildFile; fileRef = 521F1D4A2881ECB00097C451 /* DownloadsViewController.swift */; };
		5221F5282884116D00F0821F /* DataPersistenceManager.swift in Sources */ = {isa = PBXBuildFile; fileRef = 5221F5272884116D00F0821F /* DataPersistenceManager.swift */; };
		524E90BF28840E1A00E14973 /* NetflixModel.xcdatamodeld in Sources */ = {isa = PBXBuildFile; fileRef = 524E90BD28840E1A00E14973 /* NetflixModel.xcdatamodeld */; };
		5296EED928829C490004D13F /* CollectionViewTableViewCell.swift in Sources */ = {isa = PBXBuildFile; fileRef = 5296EED828829C490004D13F /* CollectionViewTableViewCell.swift */; };
		5296EEDB2882A1280004D13F /* HeroHeaderUIView.swift in Sources */ = {isa = PBXBuildFile; fileRef = 5296EEDA2882A1280004D13F /* HeroHeaderUIView.swift */; };
		5296EEDD2882B3290004D13F /* APICaller.swift in Sources */ = {isa = PBXBuildFile; fileRef = 5296EEDC2882B3290004D13F /* APICaller.swift */; };
		5296EEDF2882B7E00004D13F /* Title.swift in Sources */ = {isa = PBXBuildFile; fileRef = 5296EEDE2882B7E00004D13F /* Title.swift */; };
		5296EEE12882BC270004D13F /* Extensions.swift in Sources */ = {isa = PBXBuildFile; fileRef = 5296EEE02882BC270004D13F /* Extensions.swift */; };
		5296EEE52882E1890004D13F /* TitleCollectionViewCell.swift in Sources */ = {isa = PBXBuildFile; fileRef = 5296EEE42882E1890004D13F /* TitleCollectionViewCell.swift */; };
		5296EEE82882E2DE0004D13F /* SDWebImage in Frameworks */ = {isa = PBXBuildFile; productRef = 5296EEE72882E2DE0004D13F /* SDWebImage */; };
		5296EEEA2882E2DE0004D13F /* SDWebImageMapKit in Frameworks */ = {isa = PBXBuildFile; productRef = 5296EEE92882E2DE0004D13F /* SDWebImageMapKit */; };
		5296EEEC2882EFBF0004D13F /* TitleTableViewCell.swift in Sources */ = {isa = PBXBuildFile; fileRef = 5296EEEB2882EFBF0004D13F /* TitleTableViewCell.swift */; };
		5296EEEE2882F33D0004D13F /* TitleViewModel.swift in Sources */ = {isa = PBXBuildFile; fileRef = 5296EEED2882F33D0004D13F /* TitleViewModel.swift */; };
		5296EEF22882FD6C0004D13F /* SearchResultsViewController.swift in Sources */ = {isa = PBXBuildFile; fileRef = 5296EEF12882FD6C0004D13F /* SearchResultsViewController.swift */; };
		5296EEF62883259B0004D13F /* YoutubeSearchResponse.swift in Sources */ = {isa = PBXBuildFile; fileRef = 5296EEF52883259B0004D13F /* YoutubeSearchResponse.swift */; };
		5296EEF82883369B0004D13F /* TitlePreviewViewController.swift in Sources */ = {isa = PBXBuildFile; fileRef = 5296EEF72883369B0004D13F /* TitlePreviewViewController.swift */; };
		5296EEFA28833B9C0004D13F /* TitlePreviewViewModel.swift in Sources */ = {isa = PBXBuildFile; fileRef = 5296EEF928833B9C0004D13F /* TitlePreviewViewModel.swift */; };
/* End PBXBuildFile section */

/* Begin PBXFileReference section */
		521F1D2C2881E9060097C451 /* Netflix App.app */ = {isa = PBXFileReference; explicitFileType = wrapper.application; includeInIndex = 0; path = "Netflix App.app"; sourceTree = BUILT_PRODUCTS_DIR; };
		521F1D2F2881E9060097C451 /* AppDelegate.swift */ = {isa = PBXFileReference; lastKnownFileType = sourcecode.swift; path = AppDelegate.swift; sourceTree = "<group>"; };
		521F1D312881E9060097C451 /* SceneDelegate.swift */ = {isa = PBXFileReference; lastKnownFileType = sourcecode.swift; path = SceneDelegate.swift; sourceTree = "<group>"; };
		521F1D332881E9060097C451 /* MainTabBarViewController.swift */ = {isa = PBXFileReference; lastKnownFileType = sourcecode.swift; path = MainTabBarViewController.swift; sourceTree = "<group>"; };
		521F1D382881E9070097C451 /* Assets.xcassets */ = {isa = PBXFileReference; lastKnownFileType = folder.assetcatalog; path = Assets.xcassets; sourceTree = "<group>"; };
		521F1D3B2881E9070097C451 /* Base */ = {isa = PBXFileReference; lastKnownFileType = file.storyboard; name = Base; path = Base.lproj/LaunchScreen.storyboard; sourceTree = "<group>"; };
		521F1D3D2881E9070097C451 /* Info.plist */ = {isa = PBXFileReference; lastKnownFileType = text.plist.xml; path = Info.plist; sourceTree = "<group>"; };
		521F1D442881EB320097C451 /* HomeViewController.swift */ = {isa = PBXFileReference; lastKnownFileType = sourcecode.swift; path = HomeViewController.swift; sourceTree = "<group>"; };
		521F1D462881EBB90097C451 /* UpcomingViewController.swift */ = {isa = PBXFileReference; lastKnownFileType = sourcecode.swift; path = UpcomingViewController.swift; sourceTree = "<group>"; };
		521F1D482881EBF10097C451 /* SearchViewController.swift */ = {isa = PBXFileReference; lastKnownFileType = sourcecode.swift; path = SearchViewController.swift; sourceTree = "<group>"; };
		521F1D4A2881ECB00097C451 /* DownloadsViewController.swift */ = {isa = PBXFileReference; lastKnownFileType = sourcecode.swift; path = DownloadsViewController.swift; sourceTree = "<group>"; };
		5221F5272884116D00F0821F /* DataPersistenceManager.swift */ = {isa = PBXFileReference; lastKnownFileType = sourcecode.swift; path = DataPersistenceManager.swift; sourceTree = "<group>"; };
		524E90BE28840E1A00E14973 /* NetflixModel.xcdatamodel */ = {isa = PBXFileReference; lastKnownFileType = wrapper.xcdatamodel; path = NetflixModel.xcdatamodel; sourceTree = "<group>"; };
		5296EED828829C490004D13F /* CollectionViewTableViewCell.swift */ = {isa = PBXFileReference; lastKnownFileType = sourcecode.swift; path = CollectionViewTableViewCell.swift; sourceTree = "<group>"; };
		5296EEDA2882A1280004D13F /* HeroHeaderUIView.swift */ = {isa = PBXFileReference; lastKnownFileType = sourcecode.swift; path = HeroHeaderUIView.swift; sourceTree = "<group>"; };
		5296EEDC2882B3290004D13F /* APICaller.swift */ = {isa = PBXFileReference; lastKnownFileType = sourcecode.swift; path = APICaller.swift; sourceTree = "<group>"; };
		5296EEDE2882B7E00004D13F /* Title.swift */ = {isa = PBXFileReference; lastKnownFileType = sourcecode.swift; path = Title.swift; sourceTree = "<group>"; };
		5296EEE02882BC270004D13F /* Extensions.swift */ = {isa = PBXFileReference; lastKnownFileType = sourcecode.swift; path = Extensions.swift; sourceTree = "<group>"; };
		5296EEE42882E1890004D13F /* TitleCollectionViewCell.swift */ = {isa = PBXFileReference; lastKnownFileType = sourcecode.swift; path = TitleCollectionViewCell.swift; sourceTree = "<group>"; };
		5296EEEB2882EFBF0004D13F /* TitleTableViewCell.swift */ = {isa = PBXFileReference; lastKnownFileType = sourcecode.swift; path = TitleTableViewCell.swift; sourceTree = "<group>"; };
		5296EEED2882F33D0004D13F /* TitleViewModel.swift */ = {isa = PBXFileReference; lastKnownFileType = sourcecode.swift; path = TitleViewModel.swift; sourceTree = "<group>"; };
		5296EEF12882FD6C0004D13F /* SearchResultsViewController.swift */ = {isa = PBXFileReference; lastKnownFileType = sourcecode.swift; path = SearchResultsViewController.swift; sourceTree = "<group>"; };
		5296EEF52883259B0004D13F /* YoutubeSearchResponse.swift */ = {isa = PBXFileReference; lastKnownFileType = sourcecode.swift; path = YoutubeSearchResponse.swift; sourceTree = "<group>"; };
		5296EEF72883369B0004D13F /* TitlePreviewViewController.swift */ = {isa = PBXFileReference; lastKnownFileType = sourcecode.swift; path = TitlePreviewViewController.swift; sourceTree = "<group>"; };
		5296EEF928833B9C0004D13F /* TitlePreviewViewModel.swift */ = {isa = PBXFileReference; lastKnownFileType = sourcecode.swift; path = TitlePreviewViewModel.swift; sourceTree = "<group>"; };
/* End PBXFileReference section */

/* Begin PBXFrameworksBuildPhase section */
		521F1D292881E9060097C451 /* Frameworks */ = {
			isa = PBXFrameworksBuildPhase;
			buildActionMask = 2147483647;
			files = (
				5296EEEA2882E2DE0004D13F /* SDWebImageMapKit in Frameworks */,
				5296EEE82882E2DE0004D13F /* SDWebImage in Frameworks */,
			);
			runOnlyForDeploymentPostprocessing = 0;
		};
/* End PBXFrameworksBuildPhase section */

/* Begin PBXGroup section */
		521F1D232881E9060097C451 = {
			isa = PBXGroup;
			children = (
				521F1D2E2881E9060097C451 /* Netflix App */,
				521F1D2D2881E9060097C451 /* Products */,
			);
			sourceTree = "<group>";
		};
		521F1D2D2881E9060097C451 /* Products */ = {
			isa = PBXGroup;
			children = (
				521F1D2C2881E9060097C451 /* Netflix App.app */,
			);
			name = Products;
			sourceTree = "<group>";
		};
		521F1D2E2881E9060097C451 /* Netflix App */ = {
			isa = PBXGroup;
			children = (
				5296EED728829BF80004D13F /* Managers */,
				5296EED628829BEA0004D13F /* Resources */,
				5296EED528829BAF0004D13F /* Models */,
				5296EED328829B8C0004D13F /* Views */,
				5296EED428829B980004D13F /* ViewModels */,
				521F1D432881EAF00097C451 /* Controllers */,
				521F1D2F2881E9060097C451 /* AppDelegate.swift */,
				521F1D312881E9060097C451 /* SceneDelegate.swift */,
				521F1D382881E9070097C451 /* Assets.xcassets */,
				521F1D3A2881E9070097C451 /* LaunchScreen.storyboard */,
				521F1D3D2881E9070097C451 /* Info.plist */,
				524E90BD28840E1A00E14973 /* NetflixModel.xcdatamodeld */,
			);
			path = "Netflix App";
			sourceTree = "<group>";
		};
		521F1D432881EAF00097C451 /* Controllers */ = {
			isa = PBXGroup;
			children = (
				5296EEF42883113B0004D13F /* General */,
				5296EEF3288311150004D13F /* Core */,
				5296EEF72883369B0004D13F /* TitlePreviewViewController.swift */,
			);
			path = Controllers;
			sourceTree = "<group>";
		};
		5296EED328829B8C0004D13F /* Views */ = {
			isa = PBXGroup;
			children = (
				5296EED828829C490004D13F /* CollectionViewTableViewCell.swift */,
				5296EEDA2882A1280004D13F /* HeroHeaderUIView.swift */,
				5296EEE42882E1890004D13F /* TitleCollectionViewCell.swift */,
				5296EEEB2882EFBF0004D13F /* TitleTableViewCell.swift */,
			);
			path = Views;
			sourceTree = "<group>";
		};
		5296EED428829B980004D13F /* ViewModels */ = {
			isa = PBXGroup;
			children = (
				5296EEED2882F33D0004D13F /* TitleViewModel.swift */,
				5296EEF928833B9C0004D13F /* TitlePreviewViewModel.swift */,
			);
			path = ViewModels;
			sourceTree = "<group>";
		};
		5296EED528829BAF0004D13F /* Models */ = {
			isa = PBXGroup;
			children = (
				5296EEDE2882B7E00004D13F /* Title.swift */,
				5296EEF52883259B0004D13F /* YoutubeSearchResponse.swift */,
			);
			path = Models;
			sourceTree = "<group>";
		};
		5296EED628829BEA0004D13F /* Resources */ = {
			isa = PBXGroup;
			children = (
				5296EEE02882BC270004D13F /* Extensions.swift */,
			);
			path = Resources;
			sourceTree = "<group>";
		};
		5296EED728829BF80004D13F /* Managers */ = {
			isa = PBXGroup;
			children = (
				5296EEDC2882B3290004D13F /* APICaller.swift */,
				5221F5272884116D00F0821F /* DataPersistenceManager.swift */,
			);
			path = Managers;
			sourceTree = "<group>";
		};
		5296EEF3288311150004D13F /* Core */ = {
			isa = PBXGroup;
			children = (
				521F1D442881EB320097C451 /* HomeViewController.swift */,
				521F1D462881EBB90097C451 /* UpcomingViewController.swift */,
				521F1D482881EBF10097C451 /* SearchViewController.swift */,
				521F1D4A2881ECB00097C451 /* DownloadsViewController.swift */,
				521F1D332881E9060097C451 /* MainTabBarViewController.swift */,
			);
			path = Core;
			sourceTree = "<group>";
		};
		5296EEF42883113B0004D13F /* General */ = {
			isa = PBXGroup;
			children = (
				5296EEF12882FD6C0004D13F /* SearchResultsViewController.swift */,
			);
			path = General;
			sourceTree = "<group>";
		};
/* End PBXGroup section */

/* Begin PBXNativeTarget section */
		521F1D2B2881E9060097C451 /* Netflix App */ = {
			isa = PBXNativeTarget;
			buildConfigurationList = 521F1D402881E9070097C451 /* Build configuration list for PBXNativeTarget "Netflix App" */;
			buildPhases = (
				521F1D282881E9060097C451 /* Sources */,
				521F1D292881E9060097C451 /* Frameworks */,
				521F1D2A2881E9060097C451 /* Resources */,
			);
			buildRules = (
			);
			dependencies = (
			);
			name = "Netflix App";
			packageProductDependencies = (
				5296EEE72882E2DE0004D13F /* SDWebImage */,
				5296EEE92882E2DE0004D13F /* SDWebImageMapKit */,
			);
			productName = "Netflix App";
			productReference = 521F1D2C2881E9060097C451 /* Netflix App.app */;
			productType = "com.apple.product-type.application";
		};
/* End PBXNativeTarget section */

/* Begin PBXProject section */
		521F1D242881E9060097C451 /* Project object */ = {
			isa = PBXProject;
			attributes = {
				BuildIndependentTargetsInParallel = 1;
				LastSwiftUpdateCheck = 1320;
				LastUpgradeCheck = 1320;
				TargetAttributes = {
					521F1D2B2881E9060097C451 = {
						CreatedOnToolsVersion = 13.2.1;
					};
				};
			};
			buildConfigurationList = 521F1D272881E9060097C451 /* Build configuration list for PBXProject "Netflix App" */;
			compatibilityVersion = "Xcode 13.0";
			developmentRegion = en;
			hasScannedForEncodings = 0;
			knownRegions = (
				en,
				Base,
			);
			mainGroup = 521F1D232881E9060097C451;
			packageReferences = (
				5296EEE62882E2DE0004D13F /* XCRemoteSwiftPackageReference "SDWebImage" */,
			);
			productRefGroup = 521F1D2D2881E9060097C451 /* Products */;
			projectDirPath = "";
			projectRoot = "";
			targets = (
				521F1D2B2881E9060097C451 /* Netflix App */,
			);
		};
/* End PBXProject section */

/* Begin PBXResourcesBuildPhase section */
		521F1D2A2881E9060097C451 /* Resources */ = {
			isa = PBXResourcesBuildPhase;
			buildActionMask = 2147483647;
			files = (
				521F1D3C2881E9070097C451 /* LaunchScreen.storyboard in Resources */,
				521F1D392881E9070097C451 /* Assets.xcassets in Resources */,
			);
			runOnlyForDeploymentPostprocessing = 0;
		};
/* End PBXResourcesBuildPhase section */

/* Begin PBXSourcesBuildPhase section */
		521F1D282881E9060097C451 /* Sources */ = {
			isa = PBXSourcesBuildPhase;
			buildActionMask = 2147483647;
			files = (
				5296EEEC2882EFBF0004D13F /* TitleTableViewCell.swift in Sources */,
				521F1D492881EBF10097C451 /* SearchViewController.swift in Sources */,
				5296EEE52882E1890004D13F /* TitleCollectionViewCell.swift in Sources */,
				521F1D342881E9060097C451 /* MainTabBarViewController.swift in Sources */,
				5296EED928829C490004D13F /* CollectionViewTableViewCell.swift in Sources */,
				5296EEDD2882B3290004D13F /* APICaller.swift in Sources */,
				5296EEDB2882A1280004D13F /* HeroHeaderUIView.swift in Sources */,
				521F1D4B2881ECB00097C451 /* DownloadsViewController.swift in Sources */,
				521F1D302881E9060097C451 /* AppDelegate.swift in Sources */,
				5296EEF22882FD6C0004D13F /* SearchResultsViewController.swift in Sources */,
				5296EEE12882BC270004D13F /* Extensions.swift in Sources */,
				5296EEF62883259B0004D13F /* YoutubeSearchResponse.swift in Sources */,
				5221F5282884116D00F0821F /* DataPersistenceManager.swift in Sources */,
				521F1D322881E9060097C451 /* SceneDelegate.swift in Sources */,
				5296EEFA28833B9C0004D13F /* TitlePreviewViewModel.swift in Sources */,
				521F1D472881EBB90097C451 /* UpcomingViewController.swift in Sources */,
				5296EEF82883369B0004D13F /* TitlePreviewViewController.swift in Sources */,
				524E90BF28840E1A00E14973 /* NetflixModel.xcdatamodeld in Sources */,
				5296EEDF2882B7E00004D13F /* Title.swift in Sources */,
				521F1D452881EB320097C451 /* HomeViewController.swift in Sources */,
				5296EEEE2882F33D0004D13F /* TitleViewModel.swift in Sources */,
			);
			runOnlyForDeploymentPostprocessing = 0;
		};
/* End PBXSourcesBuildPhase section */

/* Begin PBXVariantGroup section */
		521F1D3A2881E9070097C451 /* LaunchScreen.storyboard */ = {
			isa = PBXVariantGroup;
			children = (
				521F1D3B2881E9070097C451 /* Base */,
			);
			name = LaunchScreen.storyboard;
			sourceTree = "<group>";
		};
/* End PBXVariantGroup section */

/* Begin XCBuildConfiguration section */
		521F1D3E2881E9070097C451 /* Debug */ = {
			isa = XCBuildConfiguration;
			buildSettings = {
				ALWAYS_SEARCH_USER_PATHS = NO;
				CLANG_ANALYZER_NONNULL = YES;
				CLANG_ANALYZER_NUMBER_OBJECT_CONVERSION = YES_AGGRESSIVE;
				CLANG_CXX_LANGUAGE_STANDARD = "gnu++17";
				CLANG_CXX_LIBRARY = "libc++";
				CLANG_ENABLE_MODULES = YES;
				CLANG_ENABLE_OBJC_ARC = YES;
				CLANG_ENABLE_OBJC_WEAK = YES;
				CLANG_WARN_BLOCK_CAPTURE_AUTORELEASING = YES;
				CLANG_WARN_BOOL_CONVERSION = YES;
				CLANG_WARN_COMMA = YES;
				CLANG_WARN_CONSTANT_CONVERSION = YES;
				CLANG_WARN_DEPRECATED_OBJC_IMPLEMENTATIONS = YES;
				CLANG_WARN_DIRECT_OBJC_ISA_USAGE = YES_ERROR;
				CLANG_WARN_DOCUMENTATION_COMMENTS = YES;
				CLANG_WARN_EMPTY_BODY = YES;
				CLANG_WARN_ENUM_CONVERSION = YES;
				CLANG_WARN_INFINITE_RECURSION = YES;
				CLANG_WARN_INT_CONVERSION = YES;
				CLANG_WARN_NON_LITERAL_NULL_CONVERSION = YES;
				CLANG_WARN_OBJC_IMPLICIT_RETAIN_SELF = YES;
				CLANG_WARN_OBJC_LITERAL_CONVERSION = YES;
				CLANG_WARN_OBJC_ROOT_CLASS = YES_ERROR;
				CLANG_WARN_QUOTED_INCLUDE_IN_FRAMEWORK_HEADER = YES;
				CLANG_WARN_RANGE_LOOP_ANALYSIS = YES;
				CLANG_WARN_STRICT_PROTOTYPES = YES;
				CLANG_WARN_SUSPICIOUS_MOVE = YES;
				CLANG_WARN_UNGUARDED_AVAILABILITY = YES_AGGRESSIVE;
				CLANG_WARN_UNREACHABLE_CODE = YES;
				CLANG_WARN__DUPLICATE_METHOD_MATCH = YES;
				COPY_PHASE_STRIP = NO;
				DEBUG_INFORMATION_FORMAT = dwarf;
				ENABLE_STRICT_OBJC_MSGSEND = YES;
				ENABLE_TESTABILITY = YES;
				GCC_C_LANGUAGE_STANDARD = gnu11;
				GCC_DYNAMIC_NO_PIC = NO;
				GCC_NO_COMMON_BLOCKS = YES;
				GCC_OPTIMIZATION_LEVEL = 0;
				GCC_PREPROCESSOR_DEFINITIONS = (
					"DEBUG=1",
					"$(inherited)",
				);
				GCC_WARN_64_TO_32_BIT_CONVERSION = YES;
				GCC_WARN_ABOUT_RETURN_TYPE = YES_ERROR;
				GCC_WARN_UNDECLARED_SELECTOR = YES;
				GCC_WARN_UNINITIALIZED_AUTOS = YES_AGGRESSIVE;
				GCC_WARN_UNUSED_FUNCTION = YES;
				GCC_WARN_UNUSED_VARIABLE = YES;
				IPHONEOS_DEPLOYMENT_TARGET = 15.2;
				MTL_ENABLE_DEBUG_INFO = INCLUDE_SOURCE;
				MTL_FAST_MATH = YES;
				ONLY_ACTIVE_ARCH = YES;
				SDKROOT = iphoneos;
				SWIFT_ACTIVE_COMPILATION_CONDITIONS = DEBUG;
				SWIFT_OPTIMIZATION_LEVEL = "-Onone";
			};
			name = Debug;
		};
		521F1D3F2881E9070097C451 /* Release */ = {
			isa = XCBuildConfiguration;
			buildSettings = {
				ALWAYS_SEARCH_USER_PATHS = NO;
				CLANG_ANALYZER_NONNULL = YES;
				CLANG_ANALYZER_NUMBER_OBJECT_CONVERSION = YES_AGGRESSIVE;
				CLANG_CXX_LANGUAGE_STANDARD = "gnu++17";
				CLANG_CXX_LIBRARY = "libc++";
				CLANG_ENABLE_MODULES = YES;
				CLANG_ENABLE_OBJC_ARC = YES;
				CLANG_ENABLE_OBJC_WEAK = YES;
				CLANG_WARN_BLOCK_CAPTURE_AUTORELEASING = YES;
				CLANG_WARN_BOOL_CONVERSION = YES;
				CLANG_WARN_COMMA = YES;
				CLANG_WARN_CONSTANT_CONVERSION = YES;
				CLANG_WARN_DEPRECATED_OBJC_IMPLEMENTATIONS = YES;
				CLANG_WARN_DIRECT_OBJC_ISA_USAGE = YES_ERROR;
				CLANG_WARN_DOCUMENTATION_COMMENTS = YES;
				CLANG_WARN_EMPTY_BODY = YES;
				CLANG_WARN_ENUM_CONVERSION = YES;
				CLANG_WARN_INFINITE_RECURSION = YES;
				CLANG_WARN_INT_CONVERSION = YES;
				CLANG_WARN_NON_LITERAL_NULL_CONVERSION = YES;
				CLANG_WARN_OBJC_IMPLICIT_RETAIN_SELF = YES;
				CLANG_WARN_OBJC_LITERAL_CONVERSION = YES;
				CLANG_WARN_OBJC_ROOT_CLASS = YES_ERROR;
				CLANG_WARN_QUOTED_INCLUDE_IN_FRAMEWORK_HEADER = YES;
				CLANG_WARN_RANGE_LOOP_ANALYSIS = YES;
				CLANG_WARN_STRICT_PROTOTYPES = YES;
				CLANG_WARN_SUSPICIOUS_MOVE = YES;
				CLANG_WARN_UNGUARDED_AVAILABILITY = YES_AGGRESSIVE;
				CLANG_WARN_UNREACHABLE_CODE = YES;
				CLANG_WARN__DUPLICATE_METHOD_MATCH = YES;
				COPY_PHASE_STRIP = NO;
				DEBUG_INFORMATION_FORMAT = "dwarf-with-dsym";
				ENABLE_NS_ASSERTIONS = NO;
				ENABLE_STRICT_OBJC_MSGSEND = YES;
				GCC_C_LANGUAGE_STANDARD = gnu11;
				GCC_NO_COMMON_BLOCKS = YES;
				GCC_WARN_64_TO_32_BIT_CONVERSION = YES;
				GCC_WARN_ABOUT_RETURN_TYPE = YES_ERROR;
				GCC_WARN_UNDECLARED_SELECTOR = YES;
				GCC_WARN_UNINITIALIZED_AUTOS = YES_AGGRESSIVE;
				GCC_WARN_UNUSED_FUNCTION = YES;
				GCC_WARN_UNUSED_VARIABLE = YES;
				IPHONEOS_DEPLOYMENT_TARGET = 15.2;
				MTL_ENABLE_DEBUG_INFO = NO;
				MTL_FAST_MATH = YES;
				SDKROOT = iphoneos;
				SWIFT_COMPILATION_MODE = wholemodule;
				SWIFT_OPTIMIZATION_LEVEL = "-O";
				VALIDATE_PRODUCT = YES;
			};
			name = Release;
		};
		521F1D412881E9070097C451 /* Debug */ = {
			isa = XCBuildConfiguration;
			buildSettings = {
				ASSETCATALOG_COMPILER_APPICON_NAME = AppIcon;
				ASSETCATALOG_COMPILER_GLOBAL_ACCENT_COLOR_NAME = AccentColor;
				CODE_SIGN_STYLE = Automatic;
				CURRENT_PROJECT_VERSION = 1;
				DEVELOPMENT_TEAM = 7SM8DW2XRZ;
				GENERATE_INFOPLIST_FILE = YES;
				INFOPLIST_FILE = "Netflix App/Info.plist";
				INFOPLIST_KEY_UIApplicationSupportsIndirectInputEvents = YES;
				INFOPLIST_KEY_UILaunchStoryboardName = LaunchScreen;
				INFOPLIST_KEY_UISupportedInterfaceOrientations_iPad = "UIInterfaceOrientationPortrait UIInterfaceOrientationPortraitUpsideDown UIInterfaceOrientationLandscapeLeft UIInterfaceOrientationLandscapeRight";
				INFOPLIST_KEY_UISupportedInterfaceOrientations_iPhone = "UIInterfaceOrientationPortrait UIInterfaceOrientationLandscapeLeft UIInterfaceOrientationLandscapeRight";
				LD_RUNPATH_SEARCH_PATHS = (
					"$(inherited)",
					"@executable_path/Frameworks",
				);
				MARKETING_VERSION = 1.0;
				PRODUCT_BUNDLE_IDENTIFIER = "co.ibragimov.Netflix-App";
				PRODUCT_NAME = "$(TARGET_NAME)";
				SWIFT_EMIT_LOC_STRINGS = YES;
				SWIFT_VERSION = 5.0;
				TARGETED_DEVICE_FAMILY = "1,2";
			};
			name = Debug;
		};
		521F1D422881E9070097C451 /* Release */ = {
			isa = XCBuildConfiguration;
			buildSettings = {
				ASSETCATALOG_COMPILER_APPICON_NAME = AppIcon;
				ASSETCATALOG_COMPILER_GLOBAL_ACCENT_COLOR_NAME = AccentColor;
				CODE_SIGN_STYLE = Automatic;
				CURRENT_PROJECT_VERSION = 1;
				DEVELOPMENT_TEAM = 7SM8DW2XRZ;
				GENERATE_INFOPLIST_FILE = YES;
				INFOPLIST_FILE = "Netflix App/Info.plist";
				INFOPLIST_KEY_UIApplicationSupportsIndirectInputEvents = YES;
				INFOPLIST_KEY_UILaunchStoryboardName = LaunchScreen;
				INFOPLIST_KEY_UISupportedInterfaceOrientations_iPad = "UIInterfaceOrientationPortrait UIInterfaceOrientationPortraitUpsideDown UIInterfaceOrientationLandscapeLeft UIInterfaceOrientationLandscapeRight";
				INFOPLIST_KEY_UISupportedInterfaceOrientations_iPhone = "UIInterfaceOrientationPortrait UIInterfaceOrientationLandscapeLeft UIInterfaceOrientationLandscapeRight";
				LD_RUNPATH_SEARCH_PATHS = (
					"$(inherited)",
					"@executable_path/Frameworks",
				);
				MARKETING_VERSION = 1.0;
				PRODUCT_BUNDLE_IDENTIFIER = "co.ibragimov.Netflix-App";
				PRODUCT_NAME = "$(TARGET_NAME)";
				SWIFT_EMIT_LOC_STRINGS = YES;
				SWIFT_VERSION = 5.0;
				TARGETED_DEVICE_FAMILY = "1,2";
			};
			name = Release;
		};
/* End XCBuildConfiguration section */

/* Begin XCConfigurationList section */
		521F1D272881E9060097C451 /* Build configuration list for PBXProject "Netflix App" */ = {
			isa = XCConfigurationList;
			buildConfigurations = (
				521F1D3E2881E9070097C451 /* Debug */,
				521F1D3F2881E9070097C451 /* Release */,
			);
			defaultConfigurationIsVisible = 0;
			defaultConfigurationName = Release;
		};
		521F1D402881E9070097C451 /* Build configuration list for PBXNativeTarget "Netflix App" */ = {
			isa = XCConfigurationList;
			buildConfigurations = (
				521F1D412881E9070097C451 /* Debug */,
				521F1D422881E9070097C451 /* Release */,
			);
			defaultConfigurationIsVisible = 0;
			defaultConfigurationName = Release;
		};
/* End XCConfigurationList section */

/* Begin XCRemoteSwiftPackageReference section */
		5296EEE62882E2DE0004D13F /* XCRemoteSwiftPackageReference "SDWebImage" */ = {
			isa = XCRemoteSwiftPackageReference;
			repositoryURL = "https://github.com/SDWebImage/SDWebImage.git";
			requirement = {
				kind = upToNextMajorVersion;
				minimumVersion = 5.0.0;
			};
		};
/* End XCRemoteSwiftPackageReference section */

/* Begin XCSwiftPackageProductDependency section */
		5296EEE72882E2DE0004D13F /* SDWebImage */ = {
			isa = XCSwiftPackageProductDependency;
			package = 5296EEE62882E2DE0004D13F /* XCRemoteSwiftPackageReference "SDWebImage" */;
			productName = SDWebImage;
		};
		5296EEE92882E2DE0004D13F /* SDWebImageMapKit */ = {
			isa = XCSwiftPackageProductDependency;
			package = 5296EEE62882E2DE0004D13F /* XCRemoteSwiftPackageReference "SDWebImage" */;
			productName = SDWebImageMapKit;
		};
/* End XCSwiftPackageProductDependency section */

/* Begin XCVersionGroup section */
		524E90BD28840E1A00E14973 /* NetflixModel.xcdatamodeld */ = {
			isa = XCVersionGroup;
			children = (
				524E90BE28840E1A00E14973 /* NetflixModel.xcdatamodel */,
			);
			currentVersion = 524E90BE28840E1A00E14973 /* NetflixModel.xcdatamodel */;
			path = NetflixModel.xcdatamodeld;
			sourceTree = "<group>";
			versionGroupType = wrapper.xcdatamodel;
		};
/* End XCVersionGroup section */
	};
	rootObject = 521F1D242881E9060097C451 /* Project object */;
}
